
Microsoft Visual Studio Solution File, Format Version 12.00
# Visual Studio Version 17
VisualStudioVersion = 17.4.33205.214
MinimumVisualStudioVersion = 10.0.40219.1
Project("{888888A0-9F3D-457C-B088-3A5042F75D52}") = "Praktiline töö Tsükkel", "Praktiline töö Tsükkel\Praktiline töö Tsükkel.pyproj", "{30A0F078-F79C-4B76-B7E2-498A1DE71A9F}"
EndProject
Global
	GlobalSection(SolutionConfigurationPlatforms) = preSolution
		Debug|Any CPU = Debug|Any CPU
		Release|Any CPU = Release|Any CPU
	EndGlobalSection
	GlobalSection(ProjectConfigurationPlatforms) = postSolution
		{30A0F078-F79C-4B76-B7E2-498A1DE71A9F}.Debug|Any CPU.ActiveCfg = Debug|Any CPU
		{30A0F078-F79C-4B76-B7E2-498A1DE71A9F}.Release|Any CPU.ActiveCfg = Release|Any CPU
	EndGlobalSection
	GlobalSection(SolutionProperties) = preSolution
		HideSolutionNode = FALSE
	EndGlobalSection
	GlobalSection(ExtensibilityGlobals) = postSolution
		SolutionGuid = {933D6417-1BC0-4C3C-911D-53E828CC4A50}
	EndGlobalSection
EndGlobal
